// !$*UTF8*$!
{
	archiveVersion = 1;
	classes = {
	};
	objectVersion = 56;
	objects = {

/* Begin PBXBuildFile section */
		FE2129602B854D03002D97EC /* AppDelegate.swift in Sources */ = {isa = PBXBuildFile; fileRef = FE21295F2B854D03002D97EC /* AppDelegate.swift */; };
		FE2129622B854D03002D97EC /* SceneDelegate.swift in Sources */ = {isa = PBXBuildFile; fileRef = FE2129612B854D03002D97EC /* SceneDelegate.swift */; };
		FE2129642B854D03002D97EC /* RMTabViewController.swift in Sources */ = {isa = PBXBuildFile; fileRef = FE2129632B854D03002D97EC /* RMTabViewController.swift */; };
		FE2129692B854D04002D97EC /* Assets.xcassets in Resources */ = {isa = PBXBuildFile; fileRef = FE2129682B854D04002D97EC /* Assets.xcassets */; };
		FE21296C2B854D04002D97EC /* LaunchScreen.storyboard in Resources */ = {isa = PBXBuildFile; fileRef = FE21296A2B854D04002D97EC /* LaunchScreen.storyboard */; };
		FE2129962B8551E2002D97EC /* RMLocationViewController.swift in Sources */ = {isa = PBXBuildFile; fileRef = FE2129952B8551E2002D97EC /* RMLocationViewController.swift */; };
		FE2129982B8551FA002D97EC /* RMCharacterViewController.swift in Sources */ = {isa = PBXBuildFile; fileRef = FE2129972B8551FA002D97EC /* RMCharacterViewController.swift */; };
		FE21299A2B85520D002D97EC /* RMEpisodeViewController.swift in Sources */ = {isa = PBXBuildFile; fileRef = FE2129992B85520D002D97EC /* RMEpisodeViewController.swift */; };
		FE21299C2B85521B002D97EC /* RMSettingViewController.swift in Sources */ = {isa = PBXBuildFile; fileRef = FE21299B2B85521B002D97EC /* RMSettingViewController.swift */; };
		FE21299E2B8556AD002D97EC /* RMService.swift in Sources */ = {isa = PBXBuildFile; fileRef = FE21299D2B8556AD002D97EC /* RMService.swift */; };
		FE2129A02B8556C6002D97EC /* RMRequest.swift in Sources */ = {isa = PBXBuildFile; fileRef = FE21299F2B8556C6002D97EC /* RMRequest.swift */; };
		FE2129A22B855771002D97EC /* RMEndpoint.swift in Sources */ = {isa = PBXBuildFile; fileRef = FE2129A12B855771002D97EC /* RMEndpoint.swift */; };
		FE2129A42B855A4E002D97EC /* RMLocation.swift in Sources */ = {isa = PBXBuildFile; fileRef = FE2129A32B855A4E002D97EC /* RMLocation.swift */; };
		FE2129A62B855A58002D97EC /* RMCharacter.swift in Sources */ = {isa = PBXBuildFile; fileRef = FE2129A52B855A58002D97EC /* RMCharacter.swift */; };
		FE2129A82B855A64002D97EC /* RMEpisode.swift in Sources */ = {isa = PBXBuildFile; fileRef = FE2129A72B855A64002D97EC /* RMEpisode.swift */; };
		FE2129AA2B855CC7002D97EC /* RMOrigin.swift in Sources */ = {isa = PBXBuildFile; fileRef = FE2129A92B855CC7002D97EC /* RMOrigin.swift */; };
		FE2129AC2B855D51002D97EC /* RMSingleLocation.swift in Sources */ = {isa = PBXBuildFile; fileRef = FE2129AB2B855D51002D97EC /* RMSingleLocation.swift */; };
		FE2129AE2B855DB9002D97EC /* RMCharacterStatus.swift in Sources */ = {isa = PBXBuildFile; fileRef = FE2129AD2B855DB9002D97EC /* RMCharacterStatus.swift */; };
		FE2129B02B855E5F002D97EC /* RMCharacterGender.swift in Sources */ = {isa = PBXBuildFile; fileRef = FE2129AF2B855E5F002D97EC /* RMCharacterGender.swift */; };
		FE89883F2BF03FCF008F2402 /* RMGetAllCharactersResponse.swift in Sources */ = {isa = PBXBuildFile; fileRef = FE89883E2BF03FCF008F2402 /* RMGetAllCharactersResponse.swift */; };
		FE8988412BF0400B008F2402 /* RMInfo.swift in Sources */ = {isa = PBXBuildFile; fileRef = FE8988402BF0400B008F2402 /* RMInfo.swift */; };
		FE8988432BF045D3008F2402 /* Extensions.swift in Sources */ = {isa = PBXBuildFile; fileRef = FE8988422BF045D3008F2402 /* Extensions.swift */; };
		FEC60F082B97C79800367C9E /* RMCharacterDetailViewController.swift in Sources */ = {isa = PBXBuildFile; fileRef = FEC60F072B97C79800367C9E /* RMCharacterDetailViewController.swift */; };
		FEC60F0B2B97CF5E00367C9E /* RMCharacterDetailView.swift in Sources */ = {isa = PBXBuildFile; fileRef = FEC60F0A2B97CF5E00367C9E /* RMCharacterDetailView.swift */; };
		FEC60F0D2B97D18500367C9E /* RMCharacterListView.swift in Sources */ = {isa = PBXBuildFile; fileRef = FEC60F0C2B97D18500367C9E /* RMCharacterListView.swift */; };
		FEC60F0F2B97D3F000367C9E /* RMCharacterListViewViewModel.swift in Sources */ = {isa = PBXBuildFile; fileRef = FEC60F0E2B97D3F000367C9E /* RMCharacterListViewViewModel.swift */; };
/* End PBXBuildFile section */

/* Begin PBXContainerItemProxy section */
		FE2129732B854D04002D97EC /* PBXContainerItemProxy */ = {
			isa = PBXContainerItemProxy;
			containerPortal = FE2129542B854D03002D97EC /* Project object */;
			proxyType = 1;
			remoteGlobalIDString = FE21295B2B854D03002D97EC;
			remoteInfo = RickandMorty;
		};
		FE21297D2B854D04002D97EC /* PBXContainerItemProxy */ = {
			isa = PBXContainerItemProxy;
			containerPortal = FE2129542B854D03002D97EC /* Project object */;
			proxyType = 1;
			remoteGlobalIDString = FE21295B2B854D03002D97EC;
			remoteInfo = RickandMorty;
		};
/* End PBXContainerItemProxy section */

/* Begin PBXFileReference section */
		FE21295C2B854D03002D97EC /* RickandMorty.app */ = {isa = PBXFileReference; explicitFileType = wrapper.application; includeInIndex = 0; path = RickandMorty.app; sourceTree = BUILT_PRODUCTS_DIR; };
		FE21295F2B854D03002D97EC /* AppDelegate.swift */ = {isa = PBXFileReference; lastKnownFileType = sourcecode.swift; path = AppDelegate.swift; sourceTree = "<group>"; };
		FE2129612B854D03002D97EC /* SceneDelegate.swift */ = {isa = PBXFileReference; lastKnownFileType = sourcecode.swift; path = SceneDelegate.swift; sourceTree = "<group>"; };
		FE2129632B854D03002D97EC /* RMTabViewController.swift */ = {isa = PBXFileReference; lastKnownFileType = sourcecode.swift; path = RMTabViewController.swift; sourceTree = "<group>"; };
		FE2129682B854D04002D97EC /* Assets.xcassets */ = {isa = PBXFileReference; lastKnownFileType = folder.assetcatalog; path = Assets.xcassets; sourceTree = "<group>"; };
		FE21296B2B854D04002D97EC /* Base */ = {isa = PBXFileReference; lastKnownFileType = file.storyboard; name = Base; path = Base.lproj/LaunchScreen.storyboard; sourceTree = "<group>"; };
		FE21296D2B854D04002D97EC /* Info.plist */ = {isa = PBXFileReference; lastKnownFileType = text.plist.xml; path = Info.plist; sourceTree = "<group>"; };
		FE2129722B854D04002D97EC /* RickandMortyTests.xctest */ = {isa = PBXFileReference; explicitFileType = wrapper.cfbundle; includeInIndex = 0; path = RickandMortyTests.xctest; sourceTree = BUILT_PRODUCTS_DIR; };
		FE21297C2B854D04002D97EC /* RickandMortyUITests.xctest */ = {isa = PBXFileReference; explicitFileType = wrapper.cfbundle; includeInIndex = 0; path = RickandMortyUITests.xctest; sourceTree = BUILT_PRODUCTS_DIR; };
		FE2129952B8551E2002D97EC /* RMLocationViewController.swift */ = {isa = PBXFileReference; lastKnownFileType = sourcecode.swift; path = RMLocationViewController.swift; sourceTree = "<group>"; };
		FE2129972B8551FA002D97EC /* RMCharacterViewController.swift */ = {isa = PBXFileReference; lastKnownFileType = sourcecode.swift; path = RMCharacterViewController.swift; sourceTree = "<group>"; };
		FE2129992B85520D002D97EC /* RMEpisodeViewController.swift */ = {isa = PBXFileReference; lastKnownFileType = sourcecode.swift; path = RMEpisodeViewController.swift; sourceTree = "<group>"; };
		FE21299B2B85521B002D97EC /* RMSettingViewController.swift */ = {isa = PBXFileReference; lastKnownFileType = sourcecode.swift; path = RMSettingViewController.swift; sourceTree = "<group>"; };
		FE21299D2B8556AD002D97EC /* RMService.swift */ = {isa = PBXFileReference; lastKnownFileType = sourcecode.swift; path = RMService.swift; sourceTree = "<group>"; };
		FE21299F2B8556C6002D97EC /* RMRequest.swift */ = {isa = PBXFileReference; lastKnownFileType = sourcecode.swift; path = RMRequest.swift; sourceTree = "<group>"; };
		FE2129A12B855771002D97EC /* RMEndpoint.swift */ = {isa = PBXFileReference; lastKnownFileType = sourcecode.swift; path = RMEndpoint.swift; sourceTree = "<group>"; };
		FE2129A32B855A4E002D97EC /* RMLocation.swift */ = {isa = PBXFileReference; lastKnownFileType = sourcecode.swift; path = RMLocation.swift; sourceTree = "<group>"; };
		FE2129A52B855A58002D97EC /* RMCharacter.swift */ = {isa = PBXFileReference; lastKnownFileType = sourcecode.swift; path = RMCharacter.swift; sourceTree = "<group>"; };
		FE2129A72B855A64002D97EC /* RMEpisode.swift */ = {isa = PBXFileReference; lastKnownFileType = sourcecode.swift; path = RMEpisode.swift; sourceTree = "<group>"; };
		FE2129A92B855CC7002D97EC /* RMOrigin.swift */ = {isa = PBXFileReference; lastKnownFileType = sourcecode.swift; path = RMOrigin.swift; sourceTree = "<group>"; };
		FE2129AB2B855D51002D97EC /* RMSingleLocation.swift */ = {isa = PBXFileReference; lastKnownFileType = sourcecode.swift; path = RMSingleLocation.swift; sourceTree = "<group>"; };
		FE2129AD2B855DB9002D97EC /* RMCharacterStatus.swift */ = {isa = PBXFileReference; lastKnownFileType = sourcecode.swift; path = RMCharacterStatus.swift; sourceTree = "<group>"; };
		FE2129AF2B855E5F002D97EC /* RMCharacterGender.swift */ = {isa = PBXFileReference; lastKnownFileType = sourcecode.swift; path = RMCharacterGender.swift; sourceTree = "<group>"; };
		FE89883E2BF03FCF008F2402 /* RMGetAllCharactersResponse.swift */ = {isa = PBXFileReference; lastKnownFileType = sourcecode.swift; path = RMGetAllCharactersResponse.swift; sourceTree = "<group>"; };
		FE8988402BF0400B008F2402 /* RMInfo.swift */ = {isa = PBXFileReference; lastKnownFileType = sourcecode.swift; path = RMInfo.swift; sourceTree = "<group>"; };
		FE8988422BF045D3008F2402 /* Extensions.swift */ = {isa = PBXFileReference; lastKnownFileType = sourcecode.swift; path = Extensions.swift; sourceTree = "<group>"; };
		FEC60F072B97C79800367C9E /* RMCharacterDetailViewController.swift */ = {isa = PBXFileReference; lastKnownFileType = sourcecode.swift; path = RMCharacterDetailViewController.swift; sourceTree = "<group>"; };
		FEC60F0A2B97CF5E00367C9E /* RMCharacterDetailView.swift */ = {isa = PBXFileReference; lastKnownFileType = sourcecode.swift; path = RMCharacterDetailView.swift; sourceTree = "<group>"; };
		FEC60F0C2B97D18500367C9E /* RMCharacterListView.swift */ = {isa = PBXFileReference; lastKnownFileType = sourcecode.swift; path = RMCharacterListView.swift; sourceTree = "<group>"; };
		FEC60F0E2B97D3F000367C9E /* RMCharacterListViewViewModel.swift */ = {isa = PBXFileReference; lastKnownFileType = sourcecode.swift; path = RMCharacterListViewViewModel.swift; sourceTree = "<group>"; };
/* End PBXFileReference section */

/* Begin PBXFrameworksBuildPhase section */
		FE2129592B854D03002D97EC /* Frameworks */ = {
			isa = PBXFrameworksBuildPhase;
			buildActionMask = 2147483647;
			files = (
			);
			runOnlyForDeploymentPostprocessing = 0;
		};
		FE21296F2B854D04002D97EC /* Frameworks */ = {
			isa = PBXFrameworksBuildPhase;
			buildActionMask = 2147483647;
			files = (
			);
			runOnlyForDeploymentPostprocessing = 0;
		};
		FE2129792B854D04002D97EC /* Frameworks */ = {
			isa = PBXFrameworksBuildPhase;
			buildActionMask = 2147483647;
			files = (
			);
			runOnlyForDeploymentPostprocessing = 0;
		};
/* End PBXFrameworksBuildPhase section */

/* Begin PBXGroup section */
		FE2129532B854D03002D97EC = {
			isa = PBXGroup;
			children = (
				FE21295E2B854D03002D97EC /* RickandMorty */,
				FE21295D2B854D03002D97EC /* Products */,
			);
			sourceTree = "<group>";
		};
		FE21295D2B854D03002D97EC /* Products */ = {
			isa = PBXGroup;
			children = (
				FE21295C2B854D03002D97EC /* RickandMorty.app */,
				FE2129722B854D04002D97EC /* RickandMortyTests.xctest */,
				FE21297C2B854D04002D97EC /* RickandMortyUITests.xctest */,
			);
			name = Products;
			sourceTree = "<group>";
		};
		FE21295E2B854D03002D97EC /* RickandMorty */ = {
			isa = PBXGroup;
			children = (
				FE2129942B855154002D97EC /* Resources */,
				FE2129932B85514B002D97EC /* Managers */,
				FE2129922B855138002D97EC /* APIClient */,
				FEC60F092B97CE4200367C9E /* Views */,
				FE2129912B85512E002D97EC /* ViewModels */,
				FE2129902B855126002D97EC /* Models */,
				FE21298F2B854F66002D97EC /* ViewControllers */,
				FE21296D2B854D04002D97EC /* Info.plist */,
			);
			path = RickandMorty;
			sourceTree = "<group>";
		};
		FE21298F2B854F66002D97EC /* ViewControllers */ = {
			isa = PBXGroup;
			children = (
				FEC60F052B97C64900367C9E /* Other */,
				FEC60F062B97C65700367C9E /* Core */,
				FE2129632B854D03002D97EC /* RMTabViewController.swift */,
			);
			path = ViewControllers;
			sourceTree = "<group>";
		};
		FE2129902B855126002D97EC /* Models */ = {
			isa = PBXGroup;
			children = (
				FE2129B32B855FDB002D97EC /* EpisodeModel */,
				FE2129B22B855F1C002D97EC /* LocationModel */,
				FE2129B12B855EB5002D97EC /* CharacterModel */,
			);
			path = Models;
			sourceTree = "<group>";
		};
		FE2129912B85512E002D97EC /* ViewModels */ = {
			isa = PBXGroup;
			children = (
				FEC60F0E2B97D3F000367C9E /* RMCharacterListViewViewModel.swift */,
			);
			path = ViewModels;
			sourceTree = "<group>";
		};
		FE2129922B855138002D97EC /* APIClient */ = {
			isa = PBXGroup;
			children = (
				FE21299D2B8556AD002D97EC /* RMService.swift */,
				FE21299F2B8556C6002D97EC /* RMRequest.swift */,
				FE2129A12B855771002D97EC /* RMEndpoint.swift */,
			);
			path = APIClient;
			sourceTree = "<group>";
		};
		FE2129932B85514B002D97EC /* Managers */ = {
			isa = PBXGroup;
			children = (
			);
			path = Managers;
			sourceTree = "<group>";
		};
		FE2129942B855154002D97EC /* Resources */ = {
			isa = PBXGroup;
			children = (
				FE2129682B854D04002D97EC /* Assets.xcassets */,
				FE21296A2B854D04002D97EC /* LaunchScreen.storyboard */,
				FE21295F2B854D03002D97EC /* AppDelegate.swift */,
				FE2129612B854D03002D97EC /* SceneDelegate.swift */,
				FE8988422BF045D3008F2402 /* Extensions.swift */,
			);
			path = Resources;
			sourceTree = "<group>";
		};
		FE2129B12B855EB5002D97EC /* CharacterModel */ = {
			isa = PBXGroup;
			children = (
				FE2129A52B855A58002D97EC /* RMCharacter.swift */,
				FE2129A92B855CC7002D97EC /* RMOrigin.swift */,
				FE2129AB2B855D51002D97EC /* RMSingleLocation.swift */,
				FE2129AD2B855DB9002D97EC /* RMCharacterStatus.swift */,
				FE2129AF2B855E5F002D97EC /* RMCharacterGender.swift */,
				FE89883E2BF03FCF008F2402 /* RMGetAllCharactersResponse.swift */,
				FE8988402BF0400B008F2402 /* RMInfo.swift */,
			);
			path = CharacterModel;
			sourceTree = "<group>";
		};
		FE2129B22B855F1C002D97EC /* LocationModel */ = {
			isa = PBXGroup;
			children = (
				FE2129A32B855A4E002D97EC /* RMLocation.swift */,
			);
			path = LocationModel;
			sourceTree = "<group>";
		};
		FE2129B32B855FDB002D97EC /* EpisodeModel */ = {
			isa = PBXGroup;
			children = (
				FE2129A72B855A64002D97EC /* RMEpisode.swift */,
			);
			path = EpisodeModel;
			sourceTree = "<group>";
		};
		FEC60F052B97C64900367C9E /* Other */ = {
			isa = PBXGroup;
			children = (
				FEC60F072B97C79800367C9E /* RMCharacterDetailViewController.swift */,
			);
			path = Other;
			sourceTree = "<group>";
		};
		FEC60F062B97C65700367C9E /* Core */ = {
			isa = PBXGroup;
			children = (
				FE2129952B8551E2002D97EC /* RMLocationViewController.swift */,
				FE2129972B8551FA002D97EC /* RMCharacterViewController.swift */,
				FE2129992B85520D002D97EC /* RMEpisodeViewController.swift */,
				FE21299B2B85521B002D97EC /* RMSettingViewController.swift */,
			);
			path = Core;
			sourceTree = "<group>";
		};
		FEC60F092B97CE4200367C9E /* Views */ = {
			isa = PBXGroup;
			children = (
				FEC60F0A2B97CF5E00367C9E /* RMCharacterDetailView.swift */,
				FEC60F0C2B97D18500367C9E /* RMCharacterListView.swift */,
			);
			path = Views;
			sourceTree = "<group>";
		};
/* End PBXGroup section */

/* Begin PBXNativeTarget section */
		FE21295B2B854D03002D97EC /* RickandMorty */ = {
			isa = PBXNativeTarget;
			buildConfigurationList = FE2129862B854D04002D97EC /* Build configuration list for PBXNativeTarget "RickandMorty" */;
			buildPhases = (
				FE2129582B854D03002D97EC /* Sources */,
				FE2129592B854D03002D97EC /* Frameworks */,
				FE21295A2B854D03002D97EC /* Resources */,
			);
			buildRules = (
			);
			dependencies = (
			);
			name = RickandMorty;
			productName = RickandMorty;
			productReference = FE21295C2B854D03002D97EC /* RickandMorty.app */;
			productType = "com.apple.product-type.application";
		};
		FE2129712B854D04002D97EC /* RickandMortyTests */ = {
			isa = PBXNativeTarget;
			buildConfigurationList = FE2129892B854D04002D97EC /* Build configuration list for PBXNativeTarget "RickandMortyTests" */;
			buildPhases = (
				FE21296E2B854D04002D97EC /* Sources */,
				FE21296F2B854D04002D97EC /* Frameworks */,
				FE2129702B854D04002D97EC /* Resources */,
			);
			buildRules = (
			);
			dependencies = (
				FE2129742B854D04002D97EC /* PBXTargetDependency */,
			);
			name = RickandMortyTests;
			productName = RickandMortyTests;
			productReference = FE2129722B854D04002D97EC /* RickandMortyTests.xctest */;
			productType = "com.apple.product-type.bundle.unit-test";
		};
		FE21297B2B854D04002D97EC /* RickandMortyUITests */ = {
			isa = PBXNativeTarget;
			buildConfigurationList = FE21298C2B854D04002D97EC /* Build configuration list for PBXNativeTarget "RickandMortyUITests" */;
			buildPhases = (
				FE2129782B854D04002D97EC /* Sources */,
				FE2129792B854D04002D97EC /* Frameworks */,
				FE21297A2B854D04002D97EC /* Resources */,
			);
			buildRules = (
			);
			dependencies = (
				FE21297E2B854D04002D97EC /* PBXTargetDependency */,
			);
			name = RickandMortyUITests;
			productName = RickandMortyUITests;
			productReference = FE21297C2B854D04002D97EC /* RickandMortyUITests.xctest */;
			productType = "com.apple.product-type.bundle.ui-testing";
		};
/* End PBXNativeTarget section */

/* Begin PBXProject section */
		FE2129542B854D03002D97EC /* Project object */ = {
			isa = PBXProject;
			attributes = {
				BuildIndependentTargetsInParallel = 1;
				LastSwiftUpdateCheck = 1520;
				LastUpgradeCheck = 1520;
				TargetAttributes = {
					FE21295B2B854D03002D97EC = {
						CreatedOnToolsVersion = 15.2;
					};
					FE2129712B854D04002D97EC = {
						CreatedOnToolsVersion = 15.2;
						TestTargetID = FE21295B2B854D03002D97EC;
					};
					FE21297B2B854D04002D97EC = {
						CreatedOnToolsVersion = 15.2;
						TestTargetID = FE21295B2B854D03002D97EC;
					};
				};
			};
			buildConfigurationList = FE2129572B854D03002D97EC /* Build configuration list for PBXProject "RickandMorty" */;
			compatibilityVersion = "Xcode 14.0";
			developmentRegion = en;
			hasScannedForEncodings = 0;
			knownRegions = (
				en,
				Base,
			);
			mainGroup = FE2129532B854D03002D97EC;
			productRefGroup = FE21295D2B854D03002D97EC /* Products */;
			projectDirPath = "";
			projectRoot = "";
			targets = (
				FE21295B2B854D03002D97EC /* RickandMorty */,
				FE2129712B854D04002D97EC /* RickandMortyTests */,
				FE21297B2B854D04002D97EC /* RickandMortyUITests */,
			);
		};
/* End PBXProject section */

/* Begin PBXResourcesBuildPhase section */
		FE21295A2B854D03002D97EC /* Resources */ = {
			isa = PBXResourcesBuildPhase;
			buildActionMask = 2147483647;
			files = (
				FE21296C2B854D04002D97EC /* LaunchScreen.storyboard in Resources */,
				FE2129692B854D04002D97EC /* Assets.xcassets in Resources */,
			);
			runOnlyForDeploymentPostprocessing = 0;
		};
		FE2129702B854D04002D97EC /* Resources */ = {
			isa = PBXResourcesBuildPhase;
			buildActionMask = 2147483647;
			files = (
			);
			runOnlyForDeploymentPostprocessing = 0;
		};
		FE21297A2B854D04002D97EC /* Resources */ = {
			isa = PBXResourcesBuildPhase;
			buildActionMask = 2147483647;
			files = (
			);
			runOnlyForDeploymentPostprocessing = 0;
		};
/* End PBXResourcesBuildPhase section */

/* Begin PBXSourcesBuildPhase section */
		FE2129582B854D03002D97EC /* Sources */ = {
			isa = PBXSourcesBuildPhase;
			buildActionMask = 2147483647;
			files = (
				FE2129AA2B855CC7002D97EC /* RMOrigin.swift in Sources */,
				FEC60F0F2B97D3F000367C9E /* RMCharacterListViewViewModel.swift in Sources */,
				FE2129AC2B855D51002D97EC /* RMSingleLocation.swift in Sources */,
				FE2129AE2B855DB9002D97EC /* RMCharacterStatus.swift in Sources */,
				FE2129B02B855E5F002D97EC /* RMCharacterGender.swift in Sources */,
				FE2129982B8551FA002D97EC /* RMCharacterViewController.swift in Sources */,
				FE2129A42B855A4E002D97EC /* RMLocation.swift in Sources */,
				FEC60F0B2B97CF5E00367C9E /* RMCharacterDetailView.swift in Sources */,
				FE8988412BF0400B008F2402 /* RMInfo.swift in Sources */,
				FE2129A02B8556C6002D97EC /* RMRequest.swift in Sources */,
				FE2129A62B855A58002D97EC /* RMCharacter.swift in Sources */,
				FE21299C2B85521B002D97EC /* RMSettingViewController.swift in Sources */,
				FE21299E2B8556AD002D97EC /* RMService.swift in Sources */,
				FE2129962B8551E2002D97EC /* RMLocationViewController.swift in Sources */,
				FE2129A82B855A64002D97EC /* RMEpisode.swift in Sources */,
				FEC60F082B97C79800367C9E /* RMCharacterDetailViewController.swift in Sources */,
				FE2129642B854D03002D97EC /* RMTabViewController.swift in Sources */,
				FE89883F2BF03FCF008F2402 /* RMGetAllCharactersResponse.swift in Sources */,
				FEC60F0D2B97D18500367C9E /* RMCharacterListView.swift in Sources */,
				FE8988432BF045D3008F2402 /* Extensions.swift in Sources */,
				FE21299A2B85520D002D97EC /* RMEpisodeViewController.swift in Sources */,
				FE2129A22B855771002D97EC /* RMEndpoint.swift in Sources */,
				FE2129602B854D03002D97EC /* AppDelegate.swift in Sources */,
				FE2129622B854D03002D97EC /* SceneDelegate.swift in Sources */,
			);
			runOnlyForDeploymentPostprocessing = 0;
		};
		FE21296E2B854D04002D97EC /* Sources */ = {
			isa = PBXSourcesBuildPhase;
			buildActionMask = 2147483647;
			files = (
			);
			runOnlyForDeploymentPostprocessing = 0;
		};
		FE2129782B854D04002D97EC /* Sources */ = {
			isa = PBXSourcesBuildPhase;
			buildActionMask = 2147483647;
			files = (
			);
			runOnlyForDeploymentPostprocessing = 0;
		};
/* End PBXSourcesBuildPhase section */

/* Begin PBXTargetDependency section */
		FE2129742B854D04002D97EC /* PBXTargetDependency */ = {
			isa = PBXTargetDependency;
			target = FE21295B2B854D03002D97EC /* RickandMorty */;
			targetProxy = FE2129732B854D04002D97EC /* PBXContainerItemProxy */;
		};
		FE21297E2B854D04002D97EC /* PBXTargetDependency */ = {
			isa = PBXTargetDependency;
			target = FE21295B2B854D03002D97EC /* RickandMorty */;
			targetProxy = FE21297D2B854D04002D97EC /* PBXContainerItemProxy */;
		};
/* End PBXTargetDependency section */

/* Begin PBXVariantGroup section */
		FE21296A2B854D04002D97EC /* LaunchScreen.storyboard */ = {
			isa = PBXVariantGroup;
			children = (
				FE21296B2B854D04002D97EC /* Base */,
			);
			name = LaunchScreen.storyboard;
			sourceTree = "<group>";
		};
/* End PBXVariantGroup section */

/* Begin XCBuildConfiguration section */
		FE2129842B854D04002D97EC /* Debug */ = {
			isa = XCBuildConfiguration;
			buildSettings = {
				ALWAYS_SEARCH_USER_PATHS = NO;
				ASSETCATALOG_COMPILER_GENERATE_SWIFT_ASSET_SYMBOL_EXTENSIONS = YES;
				CLANG_ANALYZER_NONNULL = YES;
				CLANG_ANALYZER_NUMBER_OBJECT_CONVERSION = YES_AGGRESSIVE;
				CLANG_CXX_LANGUAGE_STANDARD = "gnu++20";
				CLANG_ENABLE_MODULES = YES;
				CLANG_ENABLE_OBJC_ARC = YES;
				CLANG_ENABLE_OBJC_WEAK = YES;
				CLANG_WARN_BLOCK_CAPTURE_AUTORELEASING = YES;
				CLANG_WARN_BOOL_CONVERSION = YES;
				CLANG_WARN_COMMA = YES;
				CLANG_WARN_CONSTANT_CONVERSION = YES;
				CLANG_WARN_DEPRECATED_OBJC_IMPLEMENTATIONS = YES;
				CLANG_WARN_DIRECT_OBJC_ISA_USAGE = YES_ERROR;
				CLANG_WARN_DOCUMENTATION_COMMENTS = YES;
				CLANG_WARN_EMPTY_BODY = YES;
				CLANG_WARN_ENUM_CONVERSION = YES;
				CLANG_WARN_INFINITE_RECURSION = YES;
				CLANG_WARN_INT_CONVERSION = YES;
				CLANG_WARN_NON_LITERAL_NULL_CONVERSION = YES;
				CLANG_WARN_OBJC_IMPLICIT_RETAIN_SELF = YES;
				CLANG_WARN_OBJC_LITERAL_CONVERSION = YES;
				CLANG_WARN_OBJC_ROOT_CLASS = YES_ERROR;
				CLANG_WARN_QUOTED_INCLUDE_IN_FRAMEWORK_HEADER = YES;
				CLANG_WARN_RANGE_LOOP_ANALYSIS = YES;
				CLANG_WARN_STRICT_PROTOTYPES = YES;
				CLANG_WARN_SUSPICIOUS_MOVE = YES;
				CLANG_WARN_UNGUARDED_AVAILABILITY = YES_AGGRESSIVE;
				CLANG_WARN_UNREACHABLE_CODE = YES;
				CLANG_WARN__DUPLICATE_METHOD_MATCH = YES;
				COPY_PHASE_STRIP = NO;
				DEBUG_INFORMATION_FORMAT = dwarf;
				ENABLE_STRICT_OBJC_MSGSEND = YES;
				ENABLE_TESTABILITY = YES;
				ENABLE_USER_SCRIPT_SANDBOXING = YES;
				GCC_C_LANGUAGE_STANDARD = gnu17;
				GCC_DYNAMIC_NO_PIC = NO;
				GCC_NO_COMMON_BLOCKS = YES;
				GCC_OPTIMIZATION_LEVEL = 0;
				GCC_PREPROCESSOR_DEFINITIONS = (
					"DEBUG=1",
					"$(inherited)",
				);
				GCC_WARN_64_TO_32_BIT_CONVERSION = YES;
				GCC_WARN_ABOUT_RETURN_TYPE = YES_ERROR;
				GCC_WARN_UNDECLARED_SELECTOR = YES;
				GCC_WARN_UNINITIALIZED_AUTOS = YES_AGGRESSIVE;
				GCC_WARN_UNUSED_FUNCTION = YES;
				GCC_WARN_UNUSED_VARIABLE = YES;
				IPHONEOS_DEPLOYMENT_TARGET = 17.2;
				LOCALIZATION_PREFERS_STRING_CATALOGS = YES;
				MTL_ENABLE_DEBUG_INFO = INCLUDE_SOURCE;
				MTL_FAST_MATH = YES;
				ONLY_ACTIVE_ARCH = YES;
				SDKROOT = iphoneos;
				SWIFT_ACTIVE_COMPILATION_CONDITIONS = "DEBUG $(inherited)";
				SWIFT_OPTIMIZATION_LEVEL = "-Onone";
			};
			name = Debug;
		};
		FE2129852B854D04002D97EC /* Release */ = {
			isa = XCBuildConfiguration;
			buildSettings = {
				ALWAYS_SEARCH_USER_PATHS = NO;
				ASSETCATALOG_COMPILER_GENERATE_SWIFT_ASSET_SYMBOL_EXTENSIONS = YES;
				CLANG_ANALYZER_NONNULL = YES;
				CLANG_ANALYZER_NUMBER_OBJECT_CONVERSION = YES_AGGRESSIVE;
				CLANG_CXX_LANGUAGE_STANDARD = "gnu++20";
				CLANG_ENABLE_MODULES = YES;
				CLANG_ENABLE_OBJC_ARC = YES;
				CLANG_ENABLE_OBJC_WEAK = YES;
				CLANG_WARN_BLOCK_CAPTURE_AUTORELEASING = YES;
				CLANG_WARN_BOOL_CONVERSION = YES;
				CLANG_WARN_COMMA = YES;
				CLANG_WARN_CONSTANT_CONVERSION = YES;
				CLANG_WARN_DEPRECATED_OBJC_IMPLEMENTATIONS = YES;
				CLANG_WARN_DIRECT_OBJC_ISA_USAGE = YES_ERROR;
				CLANG_WARN_DOCUMENTATION_COMMENTS = YES;
				CLANG_WARN_EMPTY_BODY = YES;
				CLANG_WARN_ENUM_CONVERSION = YES;
				CLANG_WARN_INFINITE_RECURSION = YES;
				CLANG_WARN_INT_CONVERSION = YES;
				CLANG_WARN_NON_LITERAL_NULL_CONVERSION = YES;
				CLANG_WARN_OBJC_IMPLICIT_RETAIN_SELF = YES;
				CLANG_WARN_OBJC_LITERAL_CONVERSION = YES;
				CLANG_WARN_OBJC_ROOT_CLASS = YES_ERROR;
				CLANG_WARN_QUOTED_INCLUDE_IN_FRAMEWORK_HEADER = YES;
				CLANG_WARN_RANGE_LOOP_ANALYSIS = YES;
				CLANG_WARN_STRICT_PROTOTYPES = YES;
				CLANG_WARN_SUSPICIOUS_MOVE = YES;
				CLANG_WARN_UNGUARDED_AVAILABILITY = YES_AGGRESSIVE;
				CLANG_WARN_UNREACHABLE_CODE = YES;
				CLANG_WARN__DUPLICATE_METHOD_MATCH = YES;
				COPY_PHASE_STRIP = NO;
				DEBUG_INFORMATION_FORMAT = "dwarf-with-dsym";
				ENABLE_NS_ASSERTIONS = NO;
				ENABLE_STRICT_OBJC_MSGSEND = YES;
				ENABLE_USER_SCRIPT_SANDBOXING = YES;
				GCC_C_LANGUAGE_STANDARD = gnu17;
				GCC_NO_COMMON_BLOCKS = YES;
				GCC_WARN_64_TO_32_BIT_CONVERSION = YES;
				GCC_WARN_ABOUT_RETURN_TYPE = YES_ERROR;
				GCC_WARN_UNDECLARED_SELECTOR = YES;
				GCC_WARN_UNINITIALIZED_AUTOS = YES_AGGRESSIVE;
				GCC_WARN_UNUSED_FUNCTION = YES;
				GCC_WARN_UNUSED_VARIABLE = YES;
				IPHONEOS_DEPLOYMENT_TARGET = 17.2;
				LOCALIZATION_PREFERS_STRING_CATALOGS = YES;
				MTL_ENABLE_DEBUG_INFO = NO;
				MTL_FAST_MATH = YES;
				SDKROOT = iphoneos;
				SWIFT_COMPILATION_MODE = wholemodule;
				VALIDATE_PRODUCT = YES;
			};
			name = Release;
		};
		FE2129872B854D04002D97EC /* Debug */ = {
			isa = XCBuildConfiguration;
			buildSettings = {
				ASSETCATALOG_COMPILER_APPICON_NAME = AppIcon;
				ASSETCATALOG_COMPILER_GLOBAL_ACCENT_COLOR_NAME = AccentColor;
				CODE_SIGN_STYLE = Automatic;
				CURRENT_PROJECT_VERSION = 1;
				GENERATE_INFOPLIST_FILE = YES;
				INFOPLIST_FILE = RickandMorty/Info.plist;
				INFOPLIST_KEY_UIApplicationSupportsIndirectInputEvents = YES;
				INFOPLIST_KEY_UILaunchStoryboardName = LaunchScreen;
				INFOPLIST_KEY_UISupportedInterfaceOrientations_iPad = "UIInterfaceOrientationPortrait UIInterfaceOrientationPortraitUpsideDown UIInterfaceOrientationLandscapeLeft UIInterfaceOrientationLandscapeRight";
				INFOPLIST_KEY_UISupportedInterfaceOrientations_iPhone = "UIInterfaceOrientationPortrait UIInterfaceOrientationLandscapeLeft UIInterfaceOrientationLandscapeRight";
				LD_RUNPATH_SEARCH_PATHS = (
					"$(inherited)",
					"@executable_path/Frameworks",
				);
				MARKETING_VERSION = 1.0;
				PRODUCT_BUNDLE_IDENTIFIER = com.wamuni.RickandMorty;
				PRODUCT_NAME = "$(TARGET_NAME)";
				SWIFT_EMIT_LOC_STRINGS = YES;
				SWIFT_VERSION = 5.0;
				TARGETED_DEVICE_FAMILY = "1,2";
			};
			name = Debug;
		};
		FE2129882B854D04002D97EC /* Release */ = {
			isa = XCBuildConfiguration;
			buildSettings = {
				ASSETCATALOG_COMPILER_APPICON_NAME = AppIcon;
				ASSETCATALOG_COMPILER_GLOBAL_ACCENT_COLOR_NAME = AccentColor;
				CODE_SIGN_STYLE = Automatic;
				CURRENT_PROJECT_VERSION = 1;
				GENERATE_INFOPLIST_FILE = YES;
				INFOPLIST_FILE = RickandMorty/Info.plist;
				INFOPLIST_KEY_UIApplicationSupportsIndirectInputEvents = YES;
				INFOPLIST_KEY_UILaunchStoryboardName = LaunchScreen;
				INFOPLIST_KEY_UISupportedInterfaceOrientations_iPad = "UIInterfaceOrientationPortrait UIInterfaceOrientationPortraitUpsideDown UIInterfaceOrientationLandscapeLeft UIInterfaceOrientationLandscapeRight";
				INFOPLIST_KEY_UISupportedInterfaceOrientations_iPhone = "UIInterfaceOrientationPortrait UIInterfaceOrientationLandscapeLeft UIInterfaceOrientationLandscapeRight";
				LD_RUNPATH_SEARCH_PATHS = (
					"$(inherited)",
					"@executable_path/Frameworks",
				);
				MARKETING_VERSION = 1.0;
				PRODUCT_BUNDLE_IDENTIFIER = com.wamuni.RickandMorty;
				PRODUCT_NAME = "$(TARGET_NAME)";
				SWIFT_EMIT_LOC_STRINGS = YES;
				SWIFT_VERSION = 5.0;
				TARGETED_DEVICE_FAMILY = "1,2";
			};
			name = Release;
		};
		FE21298A2B854D04002D97EC /* Debug */ = {
			isa = XCBuildConfiguration;
			buildSettings = {
				ALWAYS_EMBED_SWIFT_STANDARD_LIBRARIES = YES;
				BUNDLE_LOADER = "$(TEST_HOST)";
				CODE_SIGN_STYLE = Automatic;
				CURRENT_PROJECT_VERSION = 1;
				GENERATE_INFOPLIST_FILE = YES;
				IPHONEOS_DEPLOYMENT_TARGET = 17.2;
				MARKETING_VERSION = 1.0;
				PRODUCT_BUNDLE_IDENTIFIER = com.wamuni.RickandMortyTests;
				PRODUCT_NAME = "$(TARGET_NAME)";
				SWIFT_EMIT_LOC_STRINGS = NO;
				SWIFT_VERSION = 5.0;
				TARGETED_DEVICE_FAMILY = "1,2";
				TEST_HOST = "$(BUILT_PRODUCTS_DIR)/RickandMorty.app/$(BUNDLE_EXECUTABLE_FOLDER_PATH)/RickandMorty";
			};
			name = Debug;
		};
		FE21298B2B854D04002D97EC /* Release */ = {
			isa = XCBuildConfiguration;
			buildSettings = {
				ALWAYS_EMBED_SWIFT_STANDARD_LIBRARIES = YES;
				BUNDLE_LOADER = "$(TEST_HOST)";
				CODE_SIGN_STYLE = Automatic;
				CURRENT_PROJECT_VERSION = 1;
				GENERATE_INFOPLIST_FILE = YES;
				IPHONEOS_DEPLOYMENT_TARGET = 17.2;
				MARKETING_VERSION = 1.0;
				PRODUCT_BUNDLE_IDENTIFIER = com.wamuni.RickandMortyTests;
				PRODUCT_NAME = "$(TARGET_NAME)";
				SWIFT_EMIT_LOC_STRINGS = NO;
				SWIFT_VERSION = 5.0;
				TARGETED_DEVICE_FAMILY = "1,2";
				TEST_HOST = "$(BUILT_PRODUCTS_DIR)/RickandMorty.app/$(BUNDLE_EXECUTABLE_FOLDER_PATH)/RickandMorty";
			};
			name = Release;
		};
		FE21298D2B854D04002D97EC /* Debug */ = {
			isa = XCBuildConfiguration;
			buildSettings = {
				ALWAYS_EMBED_SWIFT_STANDARD_LIBRARIES = YES;
				CODE_SIGN_STYLE = Automatic;
				CURRENT_PROJECT_VERSION = 1;
				GENERATE_INFOPLIST_FILE = YES;
				MARKETING_VERSION = 1.0;
				PRODUCT_BUNDLE_IDENTIFIER = com.wamuni.RickandMortyUITests;
				PRODUCT_NAME = "$(TARGET_NAME)";
				SWIFT_EMIT_LOC_STRINGS = NO;
				SWIFT_VERSION = 5.0;
				TARGETED_DEVICE_FAMILY = "1,2";
				TEST_TARGET_NAME = RickandMorty;
			};
			name = Debug;
		};
		FE21298E2B854D04002D97EC /* Release */ = {
			isa = XCBuildConfiguration;
			buildSettings = {
				ALWAYS_EMBED_SWIFT_STANDARD_LIBRARIES = YES;
				CODE_SIGN_STYLE = Automatic;
				CURRENT_PROJECT_VERSION = 1;
				GENERATE_INFOPLIST_FILE = YES;
				MARKETING_VERSION = 1.0;
				PRODUCT_BUNDLE_IDENTIFIER = com.wamuni.RickandMortyUITests;
				PRODUCT_NAME = "$(TARGET_NAME)";
				SWIFT_EMIT_LOC_STRINGS = NO;
				SWIFT_VERSION = 5.0;
				TARGETED_DEVICE_FAMILY = "1,2";
				TEST_TARGET_NAME = RickandMorty;
			};
			name = Release;
		};
/* End XCBuildConfiguration section */

/* Begin XCConfigurationList section */
		FE2129572B854D03002D97EC /* Build configuration list for PBXProject "RickandMorty" */ = {
			isa = XCConfigurationList;
			buildConfigurations = (
				FE2129842B854D04002D97EC /* Debug */,
				FE2129852B854D04002D97EC /* Release */,
			);
			defaultConfigurationIsVisible = 0;
			defaultConfigurationName = Release;
		};
		FE2129862B854D04002D97EC /* Build configuration list for PBXNativeTarget "RickandMorty" */ = {
			isa = XCConfigurationList;
			buildConfigurations = (
				FE2129872B854D04002D97EC /* Debug */,
				FE2129882B854D04002D97EC /* Release */,
			);
			defaultConfigurationIsVisible = 0;
			defaultConfigurationName = Release;
		};
		FE2129892B854D04002D97EC /* Build configuration list for PBXNativeTarget "RickandMortyTests" */ = {
			isa = XCConfigurationList;
			buildConfigurations = (
				FE21298A2B854D04002D97EC /* Debug */,
				FE21298B2B854D04002D97EC /* Release */,
			);
			defaultConfigurationIsVisible = 0;
			defaultConfigurationName = Release;
		};
		FE21298C2B854D04002D97EC /* Build configuration list for PBXNativeTarget "RickandMortyUITests" */ = {
			isa = XCConfigurationList;
			buildConfigurations = (
				FE21298D2B854D04002D97EC /* Debug */,
				FE21298E2B854D04002D97EC /* Release */,
			);
			defaultConfigurationIsVisible = 0;
			defaultConfigurationName = Release;
		};
/* End XCConfigurationList section */
	};
	rootObject = FE2129542B854D03002D97EC /* Project object */;
}
